
Microsoft Visual Studio Solution File, Format Version 12.00
# Visual Studio Version 17
VisualStudioVersion = 17.4.33205.214
MinimumVisualStudioVersion = 10.0.40219.1
Project("{9A19103F-16F7-4668-BE54-9A1E7A4F7556}") = "Projeto02.GestaoForum", "Projeto02.GestaoForum\Projeto02.GestaoForum.csproj", "{A25546C5-2F72-4808-AB67-5322E918F10C}"
EndProject
Project("{FAE04EC0-301F-11D3-BF4B-00C04F79EFBC}") = "Projeto03.AcessoDados", "Projeto03.AcessoDados\Projeto03.AcessoDados.csproj", "{643549E4-8CA7-413F-B9A6-EF152469BB12}"
EndProject
Global
	GlobalSection(SolutionConfigurationPlatforms) = preSolution
		Debug|Any CPU = Debug|Any CPU
		Release|Any CPU = Release|Any CPU
	EndGlobalSection
	GlobalSection(ProjectConfigurationPlatforms) = postSolution
		{A25546C5-2F72-4808-AB67-5322E918F10C}.Debug|Any CPU.ActiveCfg = Debug|Any CPU
		{A25546C5-2F72-4808-AB67-5322E918F10C}.Debug|Any CPU.Build.0 = Debug|Any CPU
		{A25546C5-2F72-4808-AB67-5322E918F10C}.Release|Any CPU.ActiveCfg = Release|Any CPU
		{A25546C5-2F72-4808-AB67-5322E918F10C}.Release|Any CPU.Build.0 = Release|Any CPU
		{643549E4-8CA7-413F-B9A6-EF152469BB12}.Debug|Any CPU.ActiveCfg = Debug|Any CPU
		{643549E4-8CA7-413F-B9A6-EF152469BB12}.Debug|Any CPU.Build.0 = Debug|Any CPU
		{643549E4-8CA7-413F-B9A6-EF152469BB12}.Release|Any CPU.ActiveCfg = Release|Any CPU
		{643549E4-8CA7-413F-B9A6-EF152469BB12}.Release|Any CPU.Build.0 = Release|Any CPU
	EndGlobalSection
	GlobalSection(SolutionProperties) = preSolution
		HideSolutionNode = FALSE
	EndGlobalSection
	GlobalSection(ExtensibilityGlobals) = postSolution
		SolutionGuid = {92B4BCF4-B38D-4839-8379-5519A301F326}
	EndGlobalSection
EndGlobal
